
Microsoft Visual Studio Solution File, Format Version 12.00
# Visual Studio 14
VisualStudioVersion = 14.0.24720.0
MinimumVisualStudioVersion = 10.0.40219.1
Project("{FAE04EC0-301F-11D3-BF4B-00C04F79EFBC}") = "NergizQuiz.UI", "NergizQuiz.UI\NergizQuiz.UI.csproj", "{91880759-C004-4298-95D8-27CD9E083E38}"
EndProject
Project("{FAE04EC0-301F-11D3-BF4B-00C04F79EFBC}") = "NergizQuiz.MVVM", "NergizQuiz.MVVM\NergizQuiz.MVVM.csproj", "{2F2836ED-93AF-4EEB-B83B-0BDFB2B3D335}"
EndProject
Project("{FAE04EC0-301F-11D3-BF4B-00C04F79EFBC}") = "NergizQuiz.Logic", "NergizQuiz.Logic\NergizQuiz.Logic.csproj", "{E5903761-118D-4C3E-99B2-43596A2C4C19}"
EndProject
Global
	GlobalSection(SolutionConfigurationPlatforms) = preSolution
		Debug|Any CPU = Debug|Any CPU
		Release|Any CPU = Release|Any CPU
	EndGlobalSection
	GlobalSection(ProjectConfigurationPlatforms) = postSolution
		{91880759-C004-4298-95D8-27CD9E083E38}.Debug|Any CPU.ActiveCfg = Debug|Any CPU
		{91880759-C004-4298-95D8-27CD9E083E38}.Debug|Any CPU.Build.0 = Debug|Any CPU
		{91880759-C004-4298-95D8-27CD9E083E38}.Release|Any CPU.ActiveCfg = Release|Any CPU
		{91880759-C004-4298-95D8-27CD9E083E38}.Release|Any CPU.Build.0 = Release|Any CPU
		{2F2836ED-93AF-4EEB-B83B-0BDFB2B3D335}.Debug|Any CPU.ActiveCfg = Debug|Any CPU
		{2F2836ED-93AF-4EEB-B83B-0BDFB2B3D335}.Debug|Any CPU.Build.0 = Debug|Any CPU
		{2F2836ED-93AF-4EEB-B83B-0BDFB2B3D335}.Release|Any CPU.ActiveCfg = Release|Any CPU
		{2F2836ED-93AF-4EEB-B83B-0BDFB2B3D335}.Release|Any CPU.Build.0 = Release|Any CPU
		{E5903761-118D-4C3E-99B2-43596A2C4C19}.Debug|Any CPU.ActiveCfg = Debug|Any CPU
		{E5903761-118D-4C3E-99B2-43596A2C4C19}.Debug|Any CPU.Build.0 = Debug|Any CPU
		{E5903761-118D-4C3E-99B2-43596A2C4C19}.Release|Any CPU.ActiveCfg = Release|Any CPU
		{E5903761-118D-4C3E-99B2-43596A2C4C19}.Release|Any CPU.Build.0 = Release|Any CPU
	EndGlobalSection
	GlobalSection(SolutionProperties) = preSolution
		HideSolutionNode = FALSE
	EndGlobalSection
EndGlobal
